// !$*UTF8*$!
{
	archiveVersion = 1;
	classes = {
	};
	objectVersion = 46;
	objects = {

/* Begin PBXBuildFile section */
		991F36451C0E2A77008AE460 /* PhotoCell.swift in Sources */ = {isa = PBXBuildFile; fileRef = 991F36441C0E2A77008AE460 /* PhotoCell.swift */; };
		99319EEF1C0E362A0049F3F1 /* String+LoadImage.swift in Sources */ = {isa = PBXBuildFile; fileRef = 99319EEE1C0E362A0049F3F1 /* String+LoadImage.swift */; };
		994508051C03BB280097039F /* AppDelegate.swift in Sources */ = {isa = PBXBuildFile; fileRef = 994508041C03BB280097039F /* AppDelegate.swift */; };
		994508071C03BB280097039F /* PhotoListViewController.swift in Sources */ = {isa = PBXBuildFile; fileRef = 994508061C03BB280097039F /* PhotoListViewController.swift */; };
		9945080A1C03BB280097039F /* Main.storyboard in Resources */ = {isa = PBXBuildFile; fileRef = 994508081C03BB280097039F /* Main.storyboard */; };
		9945080C1C03BB280097039F /* Assets.xcassets in Resources */ = {isa = PBXBuildFile; fileRef = 9945080B1C03BB280097039F /* Assets.xcassets */; };
		9945080F1C03BB280097039F /* LaunchScreen.storyboard in Resources */ = {isa = PBXBuildFile; fileRef = 9945080D1C03BB280097039F /* LaunchScreen.storyboard */; };
		994508261C03BED00097039F /* Photo.swift in Sources */ = {isa = PBXBuildFile; fileRef = 994508251C03BED00097039F /* Photo.swift */; };
		994508281C03C3700097039F /* User.swift in Sources */ = {isa = PBXBuildFile; fileRef = 994508271C03C3700097039F /* User.swift */; };
		9945082B1C03C7E40097039F /* PhotoTests.swift in Sources */ = {isa = PBXBuildFile; fileRef = 9945082A1C03C7E40097039F /* PhotoTests.swift */; };
		99667DD71C0659160058A872 /* CollectionProtocol.swift in Sources */ = {isa = PBXBuildFile; fileRef = 99667DD61C0659160058A872 /* CollectionProtocol.swift */; };
		99667DD91C065A840058A872 /* PhotoList.swift in Sources */ = {isa = PBXBuildFile; fileRef = 99667DD81C065A840058A872 /* PhotoList.swift */; };
		99667DDC1C065F770058A872 /* APIWrapper500pxProtocol.swift in Sources */ = {isa = PBXBuildFile; fileRef = 99667DDB1C065F770058A872 /* APIWrapper500pxProtocol.swift */; };
		99667DDE1C0660FE0058A872 /* APIWrapper500pxMock.swift in Sources */ = {isa = PBXBuildFile; fileRef = 99667DDD1C0660FE0058A872 /* APIWrapper500pxMock.swift */; };
		99667DE01C0662F30058A872 /* APIWrapper500pxTests.swift in Sources */ = {isa = PBXBuildFile; fileRef = 99667DDF1C0662F30058A872 /* APIWrapper500pxTests.swift */; };
		99667DE51C066AFA0058A872 /* README.md in Sources */ = {isa = PBXBuildFile; fileRef = 99667DE41C066AFA0058A872 /* README.md */; };
/* End PBXBuildFile section */

/* Begin PBXContainerItemProxy section */
		994508161C03BB280097039F /* PBXContainerItemProxy */ = {
			isa = PBXContainerItemProxy;
			containerPortal = 994507F91C03BB280097039F /* Project object */;
			proxyType = 1;
			remoteGlobalIDString = 994508001C03BB280097039F;
			remoteInfo = PhotoViewer;
		};
/* End PBXContainerItemProxy section */

/* Begin PBXFileReference section */
		991F36441C0E2A77008AE460 /* PhotoCell.swift */ = {isa = PBXFileReference; fileEncoding = 4; lastKnownFileType = sourcecode.swift; path = PhotoCell.swift; sourceTree = "<group>"; };
		99319EED1C0E32B20049F3F1 /* MyPlayground.playground */ = {isa = PBXFileReference; lastKnownFileType = file.playground; path = MyPlayground.playground; sourceTree = "<group>"; };
		99319EEE1C0E362A0049F3F1 /* String+LoadImage.swift */ = {isa = PBXFileReference; fileEncoding = 4; lastKnownFileType = sourcecode.swift; path = "String+LoadImage.swift"; sourceTree = "<group>"; };
		994508011C03BB280097039F /* PhotoViewer.app */ = {isa = PBXFileReference; explicitFileType = wrapper.application; includeInIndex = 0; path = PhotoViewer.app; sourceTree = BUILT_PRODUCTS_DIR; };
		994508041C03BB280097039F /* AppDelegate.swift */ = {isa = PBXFileReference; lastKnownFileType = sourcecode.swift; path = AppDelegate.swift; sourceTree = "<group>"; };
		994508061C03BB280097039F /* PhotoListViewController.swift */ = {isa = PBXFileReference; lastKnownFileType = sourcecode.swift; path = PhotoListViewController.swift; sourceTree = "<group>"; };
		994508091C03BB280097039F /* Base */ = {isa = PBXFileReference; lastKnownFileType = file.storyboard; name = Base; path = Base.lproj/Main.storyboard; sourceTree = "<group>"; };
		9945080B1C03BB280097039F /* Assets.xcassets */ = {isa = PBXFileReference; lastKnownFileType = folder.assetcatalog; path = Assets.xcassets; sourceTree = "<group>"; };
		9945080E1C03BB280097039F /* Base */ = {isa = PBXFileReference; lastKnownFileType = file.storyboard; name = Base; path = Base.lproj/LaunchScreen.storyboard; sourceTree = "<group>"; };
		994508101C03BB280097039F /* Info.plist */ = {isa = PBXFileReference; lastKnownFileType = text.plist.xml; path = Info.plist; sourceTree = "<group>"; };
		994508151C03BB280097039F /* PhotoViewerTests.xctest */ = {isa = PBXFileReference; explicitFileType = wrapper.cfbundle; includeInIndex = 0; path = PhotoViewerTests.xctest; sourceTree = BUILT_PRODUCTS_DIR; };
		9945081B1C03BB280097039F /* Info.plist */ = {isa = PBXFileReference; lastKnownFileType = text.plist.xml; path = Info.plist; sourceTree = "<group>"; };
		994508251C03BED00097039F /* Photo.swift */ = {isa = PBXFileReference; fileEncoding = 4; lastKnownFileType = sourcecode.swift; path = Photo.swift; sourceTree = "<group>"; };
		994508271C03C3700097039F /* User.swift */ = {isa = PBXFileReference; fileEncoding = 4; lastKnownFileType = sourcecode.swift; path = User.swift; sourceTree = "<group>"; };
		994508291C03C7E40097039F /* PhotoViewerTests-Bridging-Header.h */ = {isa = PBXFileReference; lastKnownFileType = sourcecode.c.h; path = "PhotoViewerTests-Bridging-Header.h"; sourceTree = "<group>"; };
		9945082A1C03C7E40097039F /* PhotoTests.swift */ = {isa = PBXFileReference; fileEncoding = 4; lastKnownFileType = sourcecode.swift; path = PhotoTests.swift; sourceTree = "<group>"; };
		99667DD61C0659160058A872 /* CollectionProtocol.swift */ = {isa = PBXFileReference; fileEncoding = 4; lastKnownFileType = sourcecode.swift; path = CollectionProtocol.swift; sourceTree = "<group>"; };
		99667DD81C065A840058A872 /* PhotoList.swift */ = {isa = PBXFileReference; fileEncoding = 4; lastKnownFileType = sourcecode.swift; path = PhotoList.swift; sourceTree = "<group>"; };
		99667DDB1C065F770058A872 /* APIWrapper500pxProtocol.swift */ = {isa = PBXFileReference; fileEncoding = 4; lastKnownFileType = sourcecode.swift; path = APIWrapper500pxProtocol.swift; sourceTree = "<group>"; };
		99667DDD1C0660FE0058A872 /* APIWrapper500pxMock.swift */ = {isa = PBXFileReference; fileEncoding = 4; lastKnownFileType = sourcecode.swift; path = APIWrapper500pxMock.swift; sourceTree = "<group>"; };
		99667DDF1C0662F30058A872 /* APIWrapper500pxTests.swift */ = {isa = PBXFileReference; fileEncoding = 4; lastKnownFileType = sourcecode.swift; path = APIWrapper500pxTests.swift; sourceTree = "<group>"; };
		99667DE41C066AFA0058A872 /* README.md */ = {isa = PBXFileReference; fileEncoding = 4; lastKnownFileType = net.daringfireball.markdown; path = README.md; sourceTree = "<group>"; };
/* End PBXFileReference section */

/* Begin PBXFrameworksBuildPhase section */
		994507FE1C03BB280097039F /* Frameworks */ = {
			isa = PBXFrameworksBuildPhase;
			buildActionMask = 2147483647;
			files = (
			);
			runOnlyForDeploymentPostprocessing = 0;
		};
		994508121C03BB280097039F /* Frameworks */ = {
			isa = PBXFrameworksBuildPhase;
			buildActionMask = 2147483647;
			files = (
			);
			runOnlyForDeploymentPostprocessing = 0;
		};
/* End PBXFrameworksBuildPhase section */

/* Begin PBXGroup section */
		994507F81C03BB270097039F = {
			isa = PBXGroup;
			children = (
				994508031C03BB280097039F /* PhotoViewer */,
				994508181C03BB280097039F /* PhotoViewerTests */,
				994508021C03BB280097039F /* Products */,
				99667DE41C066AFA0058A872 /* README.md */,
			);
			sourceTree = "<group>";
		};
		994508021C03BB280097039F /* Products */ = {
			isa = PBXGroup;
			children = (
				994508011C03BB280097039F /* PhotoViewer.app */,
				994508151C03BB280097039F /* PhotoViewerTests.xctest */,
			);
			name = Products;
			sourceTree = "<group>";
		};
		994508031C03BB280097039F /* PhotoViewer */ = {
			isa = PBXGroup;
			children = (
				994508041C03BB280097039F /* AppDelegate.swift */,
				99667DE31C0669BD0058A872 /* Assets */,
				99667DE11C0669B10058A872 /* Controller */,
				994508241C03BE820097039F /* Model */,
				99667DE21C0669B70058A872 /* View */,
				994508101C03BB280097039F /* Info.plist */,
				99319EED1C0E32B20049F3F1 /* MyPlayground.playground */,
				99319EEE1C0E362A0049F3F1 /* String+LoadImage.swift */,
			);
			path = PhotoViewer;
			sourceTree = "<group>";
		};
		994508181C03BB280097039F /* PhotoViewerTests */ = {
			isa = PBXGroup;
			children = (
				99667DDF1C0662F30058A872 /* APIWrapper500pxTests.swift */,
				9945081B1C03BB280097039F /* Info.plist */,
				9945082A1C03C7E40097039F /* PhotoTests.swift */,
				994508291C03C7E40097039F /* PhotoViewerTests-Bridging-Header.h */,
			);
			path = PhotoViewerTests;
			sourceTree = "<group>";
		};
		994508241C03BE820097039F /* Model */ = {
			isa = PBXGroup;
			children = (
				99667DDA1C065F380058A872 /* API500px */,
				99667DD61C0659160058A872 /* CollectionProtocol.swift */,
				994508251C03BED00097039F /* Photo.swift */,
				99667DD81C065A840058A872 /* PhotoList.swift */,
				994508271C03C3700097039F /* User.swift */,
			);
			path = Model;
			sourceTree = "<group>";
		};
		99667DDA1C065F380058A872 /* API500px */ = {
			isa = PBXGroup;
			children = (
				99667DDD1C0660FE0058A872 /* APIWrapper500pxMock.swift */,
				99667DDB1C065F770058A872 /* APIWrapper500pxProtocol.swift */,
			);
			path = API500px;
			sourceTree = "<group>";
		};
		99667DE11C0669B10058A872 /* Controller */ = {
			isa = PBXGroup;
			children = (
				994508061C03BB280097039F /* PhotoListViewController.swift */,
			);
			path = Controller;
			sourceTree = "<group>";
		};
		99667DE21C0669B70058A872 /* View */ = {
			isa = PBXGroup;
			children = (
				994508081C03BB280097039F /* Main.storyboard */,
				991F36441C0E2A77008AE460 /* PhotoCell.swift */,
			);
			path = View;
			sourceTree = "<group>";
		};
		99667DE31C0669BD0058A872 /* Assets */ = {
			isa = PBXGroup;
			children = (
				9945080B1C03BB280097039F /* Assets.xcassets */,
				9945080D1C03BB280097039F /* LaunchScreen.storyboard */,
			);
			path = Assets;
			sourceTree = "<group>";
		};
/* End PBXGroup section */

/* Begin PBXNativeTarget section */
		994508001C03BB280097039F /* PhotoViewer */ = {
			isa = PBXNativeTarget;
			buildConfigurationList = 9945081E1C03BB280097039F /* Build configuration list for PBXNativeTarget "PhotoViewer" */;
			buildPhases = (
				994507FD1C03BB280097039F /* Sources */,
				994507FE1C03BB280097039F /* Frameworks */,
				994507FF1C03BB280097039F /* Resources */,
			);
			buildRules = (
			);
			dependencies = (
			);
			name = PhotoViewer;
			productName = PhotoViewer;
			productReference = 994508011C03BB280097039F /* PhotoViewer.app */;
			productType = "com.apple.product-type.application";
		};
		994508141C03BB280097039F /* PhotoViewerTests */ = {
			isa = PBXNativeTarget;
			buildConfigurationList = 994508211C03BB280097039F /* Build configuration list for PBXNativeTarget "PhotoViewerTests" */;
			buildPhases = (
				994508111C03BB280097039F /* Sources */,
				994508121C03BB280097039F /* Frameworks */,
				994508131C03BB280097039F /* Resources */,
			);
			buildRules = (
			);
			dependencies = (
				994508171C03BB280097039F /* PBXTargetDependency */,
			);
			name = PhotoViewerTests;
			productName = PhotoViewerTests;
			productReference = 994508151C03BB280097039F /* PhotoViewerTests.xctest */;
			productType = "com.apple.product-type.bundle.unit-test";
		};
/* End PBXNativeTarget section */

/* Begin PBXProject section */
		994507F91C03BB280097039F /* Project object */ = {
			isa = PBXProject;
			attributes = {
				LastSwiftUpdateCheck = 0710;
				LastUpgradeCheck = 0710;
				ORGANIZATIONNAME = "Diego Freniche Brito";
				TargetAttributes = {
					994508001C03BB280097039F = {
						CreatedOnToolsVersion = 7.1.1;
					};
					994508141C03BB280097039F = {
						CreatedOnToolsVersion = 7.1.1;
						TestTargetID = 994508001C03BB280097039F;
					};
				};
			};
			buildConfigurationList = 994507FC1C03BB280097039F /* Build configuration list for PBXProject "PhotoViewer" */;
			compatibilityVersion = "Xcode 3.2";
			developmentRegion = English;
			hasScannedForEncodings = 0;
			knownRegions = (
				en,
				Base,
			);
			mainGroup = 994507F81C03BB270097039F;
			productRefGroup = 994508021C03BB280097039F /* Products */;
			projectDirPath = "";
			projectRoot = "";
			targets = (
				994508001C03BB280097039F /* PhotoViewer */,
				994508141C03BB280097039F /* PhotoViewerTests */,
			);
		};
/* End PBXProject section */

/* Begin PBXResourcesBuildPhase section */
		994507FF1C03BB280097039F /* Resources */ = {
			isa = PBXResourcesBuildPhase;
			buildActionMask = 2147483647;
			files = (
				9945080F1C03BB280097039F /* LaunchScreen.storyboard in Resources */,
				9945080C1C03BB280097039F /* Assets.xcassets in Resources */,
				9945080A1C03BB280097039F /* Main.storyboard in Resources */,
			);
			runOnlyForDeploymentPostprocessing = 0;
		};
		994508131C03BB280097039F /* Resources */ = {
			isa = PBXResourcesBuildPhase;
			buildActionMask = 2147483647;
			files = (
			);
			runOnlyForDeploymentPostprocessing = 0;
		};
/* End PBXResourcesBuildPhase section */

/* Begin PBXSourcesBuildPhase section */
		994507FD1C03BB280097039F /* Sources */ = {
			isa = PBXSourcesBuildPhase;
			buildActionMask = 2147483647;
			files = (
				994508281C03C3700097039F /* User.swift in Sources */,
				99667DD71C0659160058A872 /* CollectionProtocol.swift in Sources */,
				99667DD91C065A840058A872 /* PhotoList.swift in Sources */,
				994508261C03BED00097039F /* Photo.swift in Sources */,
				994508071C03BB280097039F /* PhotoListViewController.swift in Sources */,
				99667DDC1C065F770058A872 /* APIWrapper500pxProtocol.swift in Sources */,
				991F36451C0E2A77008AE460 /* PhotoCell.swift in Sources */,
				99319EEF1C0E362A0049F3F1 /* String+LoadImage.swift in Sources */,
				99667DE51C066AFA0058A872 /* README.md in Sources */,
				99667DDE1C0660FE0058A872 /* APIWrapper500pxMock.swift in Sources */,
				994508051C03BB280097039F /* AppDelegate.swift in Sources */,
			);
			runOnlyForDeploymentPostprocessing = 0;
		};
		994508111C03BB280097039F /* Sources */ = {
			isa = PBXSourcesBuildPhase;
			buildActionMask = 2147483647;
			files = (
				99667DE01C0662F30058A872 /* APIWrapper500pxTests.swift in Sources */,
				9945082B1C03C7E40097039F /* PhotoTests.swift in Sources */,
			);
			runOnlyForDeploymentPostprocessing = 0;
		};
/* End PBXSourcesBuildPhase section */

/* Begin PBXTargetDependency section */
		994508171C03BB280097039F /* PBXTargetDependency */ = {
			isa = PBXTargetDependency;
			target = 994508001C03BB280097039F /* PhotoViewer */;
			targetProxy = 994508161C03BB280097039F /* PBXContainerItemProxy */;
		};
/* End PBXTargetDependency section */

/* Begin PBXVariantGroup section */
		994508081C03BB280097039F /* Main.storyboard */ = {
			isa = PBXVariantGroup;
			children = (
				994508091C03BB280097039F /* Base */,
			);
			name = Main.storyboard;
			path = .;
			sourceTree = "<group>";
		};
		9945080D1C03BB280097039F /* LaunchScreen.storyboard */ = {
			isa = PBXVariantGroup;
			children = (
				9945080E1C03BB280097039F /* Base */,
			);
			name = LaunchScreen.storyboard;
			path = .;
			sourceTree = "<group>";
		};
/* End PBXVariantGroup section */

/* Begin XCBuildConfiguration section */
		9945081C1C03BB280097039F /* Debug */ = {
			isa = XCBuildConfiguration;
			buildSettings = {
				ALWAYS_SEARCH_USER_PATHS = NO;
				CLANG_CXX_LANGUAGE_STANDARD = "gnu++0x";
				CLANG_CXX_LIBRARY = "libc++";
				CLANG_ENABLE_MODULES = YES;
				CLANG_ENABLE_OBJC_ARC = YES;
				CLANG_WARN_BOOL_CONVERSION = YES;
				CLANG_WARN_CONSTANT_CONVERSION = YES;
				CLANG_WARN_DIRECT_OBJC_ISA_USAGE = YES_ERROR;
				CLANG_WARN_EMPTY_BODY = YES;
				CLANG_WARN_ENUM_CONVERSION = YES;
				CLANG_WARN_INT_CONVERSION = YES;
				CLANG_WARN_OBJC_ROOT_CLASS = YES_ERROR;
				CLANG_WARN_UNREACHABLE_CODE = YES;
				CLANG_WARN__DUPLICATE_METHOD_MATCH = YES;
				"CODE_SIGN_IDENTITY[sdk=iphoneos*]" = "iPhone Developer";
				COPY_PHASE_STRIP = NO;
				DEBUG_INFORMATION_FORMAT = dwarf;
				ENABLE_STRICT_OBJC_MSGSEND = YES;
				ENABLE_TESTABILITY = YES;
				GCC_C_LANGUAGE_STANDARD = gnu99;
				GCC_DYNAMIC_NO_PIC = NO;
				GCC_NO_COMMON_BLOCKS = YES;
				GCC_OPTIMIZATION_LEVEL = 0;
				GCC_PREPROCESSOR_DEFINITIONS = (
					"DEBUG=1",
					"$(inherited)",
				);
				GCC_WARN_64_TO_32_BIT_CONVERSION = YES;
				GCC_WARN_ABOUT_RETURN_TYPE = YES_ERROR;
				GCC_WARN_UNDECLARED_SELECTOR = YES;
				GCC_WARN_UNINITIALIZED_AUTOS = YES_AGGRESSIVE;
				GCC_WARN_UNUSED_FUNCTION = YES;
				GCC_WARN_UNUSED_VARIABLE = YES;
				IPHONEOS_DEPLOYMENT_TARGET = 9.1;
				MTL_ENABLE_DEBUG_INFO = YES;
				ONLY_ACTIVE_ARCH = YES;
				SDKROOT = iphoneos;
				SWIFT_OPTIMIZATION_LEVEL = "-Onone";
			};
			name = Debug;
		};
		9945081D1C03BB280097039F /* Release */ = {
			isa = XCBuildConfiguration;
			buildSettings = {
				ALWAYS_SEARCH_USER_PATHS = NO;
				CLANG_CXX_LANGUAGE_STANDARD = "gnu++0x";
				CLANG_CXX_LIBRARY = "libc++";
				CLANG_ENABLE_MODULES = YES;
				CLANG_ENABLE_OBJC_ARC = YES;
				CLANG_WARN_BOOL_CONVERSION = YES;
				CLANG_WARN_CONSTANT_CONVERSION = YES;
				CLANG_WARN_DIRECT_OBJC_ISA_USAGE = YES_ERROR;
				CLANG_WARN_EMPTY_BODY = YES;
				CLANG_WARN_ENUM_CONVERSION = YES;
				CLANG_WARN_INT_CONVERSION = YES;
				CLANG_WARN_OBJC_ROOT_CLASS = YES_ERROR;
				CLANG_WARN_UNREACHABLE_CODE = YES;
				CLANG_WARN__DUPLICATE_METHOD_MATCH = YES;
				"CODE_SIGN_IDENTITY[sdk=iphoneos*]" = "iPhone Developer";
				COPY_PHASE_STRIP = NO;
				DEBUG_INFORMATION_FORMAT = "dwarf-with-dsym";
				ENABLE_NS_ASSERTIONS = NO;
				ENABLE_STRICT_OBJC_MSGSEND = YES;
				GCC_C_LANGUAGE_STANDARD = gnu99;
				GCC_NO_COMMON_BLOCKS = YES;
				GCC_WARN_64_TO_32_BIT_CONVERSION = YES;
				GCC_WARN_ABOUT_RETURN_TYPE = YES_ERROR;
				GCC_WARN_UNDECLARED_SELECTOR = YES;
				GCC_WARN_UNINITIALIZED_AUTOS = YES_AGGRESSIVE;
				GCC_WARN_UNUSED_FUNCTION = YES;
				GCC_WARN_UNUSED_VARIABLE = YES;
				IPHONEOS_DEPLOYMENT_TARGET = 9.1;
				MTL_ENABLE_DEBUG_INFO = NO;
				SDKROOT = iphoneos;
				VALIDATE_PRODUCT = YES;
			};
			name = Release;
		};
		9945081F1C03BB280097039F /* Debug */ = {
			isa = XCBuildConfiguration;
			buildSettings = {
				ASSETCATALOG_COMPILER_APPICON_NAME = AppIcon;
				INFOPLIST_FILE = PhotoViewer/Info.plist;
				LD_RUNPATH_SEARCH_PATHS = "$(inherited) @executable_path/Frameworks";
				PRODUCT_BUNDLE_IDENTIFIER = com.freniche.PhotoViewer;
				PRODUCT_NAME = "$(TARGET_NAME)";
			};
			name = Debug;
		};
		994508201C03BB280097039F /* Release */ = {
			isa = XCBuildConfiguration;
			buildSettings = {
				ASSETCATALOG_COMPILER_APPICON_NAME = AppIcon;
				INFOPLIST_FILE = PhotoViewer/Info.plist;
				LD_RUNPATH_SEARCH_PATHS = "$(inherited) @executable_path/Frameworks";
				PRODUCT_BUNDLE_IDENTIFIER = com.freniche.PhotoViewer;
				PRODUCT_NAME = "$(TARGET_NAME)";
			};
			name = Release;
		};
		994508221C03BB280097039F /* Debug */ = {
			isa = XCBuildConfiguration;
			buildSettings = {
				BUNDLE_LOADER = "$(TEST_HOST)";
				CLANG_ENABLE_MODULES = YES;
				INFOPLIST_FILE = PhotoViewerTests/Info.plist;
				LD_RUNPATH_SEARCH_PATHS = "$(inherited) @executable_path/Frameworks @loader_path/Frameworks";
				PRODUCT_BUNDLE_IDENTIFIER = com.freniche.PhotoViewerTests;
				PRODUCT_NAME = "$(TARGET_NAME)";
				SWIFT_OBJC_BRIDGING_HEADER = "PhotoViewerTests/PhotoViewerTests-Bridging-Header.h";
				SWIFT_OPTIMIZATION_LEVEL = "-Onone";
				TEST_HOST = "$(BUILT_PRODUCTS_DIR)/PhotoViewer.app/PhotoViewer";
			};
			name = Debug;
		};
		994508231C03BB280097039F /* Release */ = {
			isa = XCBuildConfiguration;
			buildSettings = {
				BUNDLE_LOADER = "$(TEST_HOST)";
				CLANG_ENABLE_MODULES = YES;
				INFOPLIST_FILE = PhotoViewerTests/Info.plist;
				LD_RUNPATH_SEARCH_PATHS = "$(inherited) @executable_path/Frameworks @loader_path/Frameworks";
				PRODUCT_BUNDLE_IDENTIFIER = com.freniche.PhotoViewerTests;
				PRODUCT_NAME = "$(TARGET_NAME)";
				SWIFT_OBJC_BRIDGING_HEADER = "PhotoViewerTests/PhotoViewerTests-Bridging-Header.h";
				TEST_HOST = "$(BUILT_PRODUCTS_DIR)/PhotoViewer.app/PhotoViewer";
			};
			name = Release;
		};
/* End XCBuildConfiguration section */

/* Begin XCConfigurationList section */
		994507FC1C03BB280097039F /* Build configuration list for PBXProject "PhotoViewer" */ = {
			isa = XCConfigurationList;
			buildConfigurations = (
				9945081C1C03BB280097039F /* Debug */,
				9945081D1C03BB280097039F /* Release */,
			);
			defaultConfigurationIsVisible = 0;
			defaultConfigurationName = Release;
		};
		9945081E1C03BB280097039F /* Build configuration list for PBXNativeTarget "PhotoViewer" */ = {
			isa = XCConfigurationList;
			buildConfigurations = (
				9945081F1C03BB280097039F /* Debug */,
				994508201C03BB280097039F /* Release */,
			);
			defaultConfigurationIsVisible = 0;
			defaultConfigurationName = Release;
		};
		994508211C03BB280097039F /* Build configuration list for PBXNativeTarget "PhotoViewerTests" */ = {
			isa = XCConfigurationList;
			buildConfigurations = (
				994508221C03BB280097039F /* Debug */,
				994508231C03BB280097039F /* Release */,
			);
			defaultConfigurationIsVisible = 0;
			defaultConfigurationName = Release;
		};
/* End XCConfigurationList section */
	};
	rootObject = 994507F91C03BB280097039F /* Project object */;
}
